
Microsoft Visual Studio Solution File, Format Version 12.00
# Visual Studio Version 17
VisualStudioVersion = 17.0.31903.59
MinimumVisualStudioVersion = 10.0.40219.1
Project("{2150E333-8FDC-42A3-9474-1A3956D46DE8}") = "BuildingBlocks", "BuildingBlocks", "{7266C4A9-E384-DC00-0EB6-47F6002CFBA7}"
EndProject
Project("{FAE04EC0-301F-11D3-BF4B-00C04F79EFBC}") = "Oficina.Messaging", "BuildingBlocks\Oficina.Messaging\Oficina.Messaging.csproj", "{62F7629E-1336-4E90-AB58-D481DFC2BB0C}"
EndProject
Project("{FAE04EC0-301F-11D3-BF4B-00C04F79EFBC}") = "Oficina.Observability", "BuildingBlocks\Oficina.Observability\Oficina.Observability.csproj", "{126EC107-F401-4A7C-851C-4386EB4596FC}"
EndProject
Project("{2150E333-8FDC-42A3-9474-1A3956D46DE8}") = "ApiGateway", "ApiGateway", "{25D181DD-5CC9-F0B3-C64F-91E1AA77FD70}"
EndProject
Project("{FAE04EC0-301F-11D3-BF4B-00C04F79EFBC}") = "Oficina.Api", "ApiGateway\Oficina.Api\Oficina.Api.csproj", "{13F2C075-F15E-40C4-8E34-664305076732}"
EndProject
Project("{2150E333-8FDC-42A3-9474-1A3956D46DE8}") = "Modules", "Modules", "{CA253913-39DE-BFD0-C9A3-4B7EC6FBDF17}"
EndProject
Project("{2150E333-8FDC-42A3-9474-1A3956D46DE8}") = "Cadastro", "Cadastro", "{657F0965-525B-1B65-FD20-1677B0DA741C}"
EndProject
Project("{FAE04EC0-301F-11D3-BF4B-00C04F79EFBC}") = "Oficina.Cadastro.Domain", "Modules\Cadastro\Oficina.Cadastro.Domain\Oficina.Cadastro.Domain.csproj", "{37910E41-6D8F-44AB-AAB2-FB3E78916E1A}"
EndProject
Project("{FAE04EC0-301F-11D3-BF4B-00C04F79EFBC}") = "Oficina.Cadastro.Application", "Modules\Cadastro\Oficina.Cadastro.Application\Oficina.Cadastro.Application.csproj", "{D96349CE-B82D-439E-A582-1CA0CF1A1F7A}"
EndProject
Project("{FAE04EC0-301F-11D3-BF4B-00C04F79EFBC}") = "Oficina.Cadastro.Infrastructure", "Modules\Cadastro\Oficina.Cadastro.Infrastructure\Oficina.Cadastro.Infrastructure.csproj", "{4C1CA072-B976-4AE7-BB9C-98372A6948B7}"
EndProject
Project("{FAE04EC0-301F-11D3-BF4B-00C04F79EFBC}") = "Oficina.Cadastro.Endpoints", "Modules\Cadastro\Oficina.Cadastro.Endpoints\Oficina.Cadastro.Endpoints.csproj", "{D5AE5096-9FF5-44E6-A1C8-47B84637F20C}"
EndProject
Project("{2150E333-8FDC-42A3-9474-1A3956D46DE8}") = "Shared", "Shared", "{02EA681E-C7D8-13C7-8484-4AC65E1B71E8}"
EndProject
Project("{FAE04EC0-301F-11D3-BF4B-00C04F79EFBC}") = "Oficina.SharedKernel", "Shared\Oficina.SharedKernel\Oficina.SharedKernel.csproj", "{4FC50E96-F1FD-F0D5-AE4B-1682A0B26E63}"
EndProject
Global
	GlobalSection(SolutionConfigurationPlatforms) = preSolution
		Debug|Any CPU = Debug|Any CPU
		Debug|x64 = Debug|x64
		Debug|x86 = Debug|x86
		Release|Any CPU = Release|Any CPU
		Release|x64 = Release|x64
		Release|x86 = Release|x86
	EndGlobalSection
	GlobalSection(ProjectConfigurationPlatforms) = postSolution
		{62F7629E-1336-4E90-AB58-D481DFC2BB0C}.Debug|Any CPU.ActiveCfg = Debug|Any CPU
		{62F7629E-1336-4E90-AB58-D481DFC2BB0C}.Debug|Any CPU.Build.0 = Debug|Any CPU
		{62F7629E-1336-4E90-AB58-D481DFC2BB0C}.Debug|x64.ActiveCfg = Debug|Any CPU
		{62F7629E-1336-4E90-AB58-D481DFC2BB0C}.Debug|x64.Build.0 = Debug|Any CPU
		{62F7629E-1336-4E90-AB58-D481DFC2BB0C}.Debug|x86.ActiveCfg = Debug|Any CPU
		{62F7629E-1336-4E90-AB58-D481DFC2BB0C}.Debug|x86.Build.0 = Debug|Any CPU
		{62F7629E-1336-4E90-AB58-D481DFC2BB0C}.Release|Any CPU.ActiveCfg = Release|Any CPU
		{62F7629E-1336-4E90-AB58-D481DFC2BB0C}.Release|Any CPU.Build.0 = Release|Any CPU
		{62F7629E-1336-4E90-AB58-D481DFC2BB0C}.Release|x64.ActiveCfg = Release|Any CPU
		{62F7629E-1336-4E90-AB58-D481DFC2BB0C}.Release|x64.Build.0 = Release|Any CPU
		{62F7629E-1336-4E90-AB58-D481DFC2BB0C}.Release|x86.ActiveCfg = Release|Any CPU
		{62F7629E-1336-4E90-AB58-D481DFC2BB0C}.Release|x86.Build.0 = Release|Any CPU
		{126EC107-F401-4A7C-851C-4386EB4596FC}.Debug|Any CPU.ActiveCfg = Debug|Any CPU
		{126EC107-F401-4A7C-851C-4386EB4596FC}.Debug|Any CPU.Build.0 = Debug|Any CPU
		{126EC107-F401-4A7C-851C-4386EB4596FC}.Debug|x64.ActiveCfg = Debug|Any CPU
		{126EC107-F401-4A7C-851C-4386EB4596FC}.Debug|x64.Build.0 = Debug|Any CPU
		{126EC107-F401-4A7C-851C-4386EB4596FC}.Debug|x86.ActiveCfg = Debug|Any CPU
		{126EC107-F401-4A7C-851C-4386EB4596FC}.Debug|x86.Build.0 = Debug|Any CPU
		{126EC107-F401-4A7C-851C-4386EB4596FC}.Release|Any CPU.ActiveCfg = Release|Any CPU
		{126EC107-F401-4A7C-851C-4386EB4596FC}.Release|Any CPU.Build.0 = Release|Any CPU
		{126EC107-F401-4A7C-851C-4386EB4596FC}.Release|x64.ActiveCfg = Release|Any CPU
		{126EC107-F401-4A7C-851C-4386EB4596FC}.Release|x64.Build.0 = Release|Any CPU
		{126EC107-F401-4A7C-851C-4386EB4596FC}.Release|x86.ActiveCfg = Release|Any CPU
		{126EC107-F401-4A7C-851C-4386EB4596FC}.Release|x86.Build.0 = Release|Any CPU
		{13F2C075-F15E-40C4-8E34-664305076732}.Debug|Any CPU.ActiveCfg = Debug|Any CPU
		{13F2C075-F15E-40C4-8E34-664305076732}.Debug|Any CPU.Build.0 = Debug|Any CPU
		{13F2C075-F15E-40C4-8E34-664305076732}.Debug|x64.ActiveCfg = Debug|Any CPU
		{13F2C075-F15E-40C4-8E34-664305076732}.Debug|x64.Build.0 = Debug|Any CPU
		{13F2C075-F15E-40C4-8E34-664305076732}.Debug|x86.ActiveCfg = Debug|Any CPU
		{13F2C075-F15E-40C4-8E34-664305076732}.Debug|x86.Build.0 = Debug|Any CPU
		{13F2C075-F15E-40C4-8E34-664305076732}.Release|Any CPU.ActiveCfg = Release|Any CPU
		{13F2C075-F15E-40C4-8E34-664305076732}.Release|Any CPU.Build.0 = Release|Any CPU
		{13F2C075-F15E-40C4-8E34-664305076732}.Release|x64.ActiveCfg = Release|Any CPU
		{13F2C075-F15E-40C4-8E34-664305076732}.Release|x64.Build.0 = Release|Any CPU
		{13F2C075-F15E-40C4-8E34-664305076732}.Release|x86.ActiveCfg = Release|Any CPU
		{13F2C075-F15E-40C4-8E34-664305076732}.Release|x86.Build.0 = Release|Any CPU
		{37910E41-6D8F-44AB-AAB2-FB3E78916E1A}.Debug|Any CPU.ActiveCfg = Debug|Any CPU
		{37910E41-6D8F-44AB-AAB2-FB3E78916E1A}.Debug|Any CPU.Build.0 = Debug|Any CPU
		{37910E41-6D8F-44AB-AAB2-FB3E78916E1A}.Debug|x64.ActiveCfg = Debug|Any CPU
		{37910E41-6D8F-44AB-AAB2-FB3E78916E1A}.Debug|x64.Build.0 = Debug|Any CPU
		{37910E41-6D8F-44AB-AAB2-FB3E78916E1A}.Debug|x86.ActiveCfg = Debug|Any CPU
		{37910E41-6D8F-44AB-AAB2-FB3E78916E1A}.Debug|x86.Build.0 = Debug|Any CPU
		{37910E41-6D8F-44AB-AAB2-FB3E78916E1A}.Release|Any CPU.ActiveCfg = Release|Any CPU
		{37910E41-6D8F-44AB-AAB2-FB3E78916E1A}.Release|Any CPU.Build.0 = Release|Any CPU
		{37910E41-6D8F-44AB-AAB2-FB3E78916E1A}.Release|x64.ActiveCfg = Release|Any CPU
		{37910E41-6D8F-44AB-AAB2-FB3E78916E1A}.Release|x64.Build.0 = Release|Any CPU
		{37910E41-6D8F-44AB-AAB2-FB3E78916E1A}.Release|x86.ActiveCfg = Release|Any CPU
		{37910E41-6D8F-44AB-AAB2-FB3E78916E1A}.Release|x86.Build.0 = Release|Any CPU
		{D96349CE-B82D-439E-A582-1CA0CF1A1F7A}.Debug|Any CPU.ActiveCfg = Debug|Any CPU
		{D96349CE-B82D-439E-A582-1CA0CF1A1F7A}.Debug|Any CPU.Build.0 = Debug|Any CPU
		{D96349CE-B82D-439E-A582-1CA0CF1A1F7A}.Debug|x64.ActiveCfg = Debug|Any CPU
		{D96349CE-B82D-439E-A582-1CA0CF1A1F7A}.Debug|x64.Build.0 = Debug|Any CPU
		{D96349CE-B82D-439E-A582-1CA0CF1A1F7A}.Debug|x86.ActiveCfg = Debug|Any CPU
		{D96349CE-B82D-439E-A582-1CA0CF1A1F7A}.Debug|x86.Build.0 = Debug|Any CPU
		{D96349CE-B82D-439E-A582-1CA0CF1A1F7A}.Release|Any CPU.ActiveCfg = Release|Any CPU
		{D96349CE-B82D-439E-A582-1CA0CF1A1F7A}.Release|Any CPU.Build.0 = Release|Any CPU
		{D96349CE-B82D-439E-A582-1CA0CF1A1F7A}.Release|x64.ActiveCfg = Release|Any CPU
		{D96349CE-B82D-439E-A582-1CA0CF1A1F7A}.Release|x64.Build.0 = Release|Any CPU
		{D96349CE-B82D-439E-A582-1CA0CF1A1F7A}.Release|x86.ActiveCfg = Release|Any CPU
		{D96349CE-B82D-439E-A582-1CA0CF1A1F7A}.Release|x86.Build.0 = Release|Any CPU
		{4C1CA072-B976-4AE7-BB9C-98372A6948B7}.Debug|Any CPU.ActiveCfg = Debug|Any CPU
		{4C1CA072-B976-4AE7-BB9C-98372A6948B7}.Debug|Any CPU.Build.0 = Debug|Any CPU
		{4C1CA072-B976-4AE7-BB9C-98372A6948B7}.Debug|x64.ActiveCfg = Debug|Any CPU
		{4C1CA072-B976-4AE7-BB9C-98372A6948B7}.Debug|x64.Build.0 = Debug|Any CPU
		{4C1CA072-B976-4AE7-BB9C-98372A6948B7}.Debug|x86.ActiveCfg = Debug|Any CPU
		{4C1CA072-B976-4AE7-BB9C-98372A6948B7}.Debug|x86.Build.0 = Debug|Any CPU
		{4C1CA072-B976-4AE7-BB9C-98372A6948B7}.Release|Any CPU.ActiveCfg = Release|Any CPU
		{4C1CA072-B976-4AE7-BB9C-98372A6948B7}.Release|Any CPU.Build.0 = Release|Any CPU
		{4C1CA072-B976-4AE7-BB9C-98372A6948B7}.Release|x64.ActiveCfg = Release|Any CPU
		{4C1CA072-B976-4AE7-BB9C-98372A6948B7}.Release|x64.Build.0 = Release|Any CPU
		{4C1CA072-B976-4AE7-BB9C-98372A6948B7}.Release|x86.ActiveCfg = Release|Any CPU
		{4C1CA072-B976-4AE7-BB9C-98372A6948B7}.Release|x86.Build.0 = Release|Any CPU
		{D5AE5096-9FF5-44E6-A1C8-47B84637F20C}.Debug|Any CPU.ActiveCfg = Debug|Any CPU
		{D5AE5096-9FF5-44E6-A1C8-47B84637F20C}.Debug|Any CPU.Build.0 = Debug|Any CPU
		{D5AE5096-9FF5-44E6-A1C8-47B84637F20C}.Debug|x64.ActiveCfg = Debug|Any CPU
		{D5AE5096-9FF5-44E6-A1C8-47B84637F20C}.Debug|x64.Build.0 = Debug|Any CPU
		{D5AE5096-9FF5-44E6-A1C8-47B84637F20C}.Debug|x86.ActiveCfg = Debug|Any CPU
		{D5AE5096-9FF5-44E6-A1C8-47B84637F20C}.Debug|x86.Build.0 = Debug|Any CPU
		{D5AE5096-9FF5-44E6-A1C8-47B84637F20C}.Release|Any CPU.ActiveCfg = Release|Any CPU
		{D5AE5096-9FF5-44E6-A1C8-47B84637F20C}.Release|Any CPU.Build.0 = Release|Any CPU
		{D5AE5096-9FF5-44E6-A1C8-47B84637F20C}.Release|x64.ActiveCfg = Release|Any CPU
		{D5AE5096-9FF5-44E6-A1C8-47B84637F20C}.Release|x64.Build.0 = Release|Any CPU
		{D5AE5096-9FF5-44E6-A1C8-47B84637F20C}.Release|x86.ActiveCfg = Release|Any CPU
		{D5AE5096-9FF5-44E6-A1C8-47B84637F20C}.Release|x86.Build.0 = Release|Any CPU
		{4FC50E96-F1FD-F0D5-AE4B-1682A0B26E63}.Debug|Any CPU.ActiveCfg = Debug|Any CPU
		{4FC50E96-F1FD-F0D5-AE4B-1682A0B26E63}.Debug|Any CPU.Build.0 = Debug|Any CPU
		{4FC50E96-F1FD-F0D5-AE4B-1682A0B26E63}.Debug|x64.ActiveCfg = Debug|Any CPU
		{4FC50E96-F1FD-F0D5-AE4B-1682A0B26E63}.Debug|x64.Build.0 = Debug|Any CPU
		{4FC50E96-F1FD-F0D5-AE4B-1682A0B26E63}.Debug|x86.ActiveCfg = Debug|Any CPU
		{4FC50E96-F1FD-F0D5-AE4B-1682A0B26E63}.Debug|x86.Build.0 = Debug|Any CPU
		{4FC50E96-F1FD-F0D5-AE4B-1682A0B26E63}.Release|Any CPU.ActiveCfg = Release|Any CPU
		{4FC50E96-F1FD-F0D5-AE4B-1682A0B26E63}.Release|Any CPU.Build.0 = Release|Any CPU
		{4FC50E96-F1FD-F0D5-AE4B-1682A0B26E63}.Release|x64.ActiveCfg = Release|Any CPU
		{4FC50E96-F1FD-F0D5-AE4B-1682A0B26E63}.Release|x64.Build.0 = Release|Any CPU
		{4FC50E96-F1FD-F0D5-AE4B-1682A0B26E63}.Release|x86.ActiveCfg = Release|Any CPU
		{4FC50E96-F1FD-F0D5-AE4B-1682A0B26E63}.Release|x86.Build.0 = Release|Any CPU
	EndGlobalSection
	GlobalSection(SolutionProperties) = preSolution
		HideSolutionNode = FALSE
	EndGlobalSection
	GlobalSection(NestedProjects) = preSolution
		{62F7629E-1336-4E90-AB58-D481DFC2BB0C} = {7266C4A9-E384-DC00-0EB6-47F6002CFBA7}
		{126EC107-F401-4A7C-851C-4386EB4596FC} = {7266C4A9-E384-DC00-0EB6-47F6002CFBA7}
		{13F2C075-F15E-40C4-8E34-664305076732} = {25D181DD-5CC9-F0B3-C64F-91E1AA77FD70}
		{657F0965-525B-1B65-FD20-1677B0DA741C} = {CA253913-39DE-BFD0-C9A3-4B7EC6FBDF17}
		{37910E41-6D8F-44AB-AAB2-FB3E78916E1A} = {657F0965-525B-1B65-FD20-1677B0DA741C}
		{D96349CE-B82D-439E-A582-1CA0CF1A1F7A} = {657F0965-525B-1B65-FD20-1677B0DA741C}
		{4C1CA072-B976-4AE7-BB9C-98372A6948B7} = {657F0965-525B-1B65-FD20-1677B0DA741C}
		{D5AE5096-9FF5-44E6-A1C8-47B84637F20C} = {657F0965-525B-1B65-FD20-1677B0DA741C}
		{4FC50E96-F1FD-F0D5-AE4B-1682A0B26E63} = {02EA681E-C7D8-13C7-8484-4AC65E1B71E8}
	EndGlobalSection
	GlobalSection(ExtensibilityGlobals) = postSolution
		SolutionGuid = {0EFC4E67-1C0B-421B-8CA2-485357DC5F73}
	EndGlobalSection
EndGlobal
