
Microsoft Visual Studio Solution File, Format Version 12.00
# Visual Studio Version 17
VisualStudioVersion = 17.14.36511.14
MinimumVisualStudioVersion = 10.0.40219.1
Project("{2150E333-8FDC-42A3-9474-1A3956D46DE8}") = "Oficina.ApiGateway", "Oficina.ApiGateway", "{02EA681E-C7D8-13C7-8484-4AC65E1B71E8}"
EndProject
Project("{2150E333-8FDC-42A3-9474-1A3956D46DE8}") = "Oficina.Cadastro", "Oficina.Cadastro", "{2C95EDF2-7F19-409F-B649-7173ABBC50E7}"
EndProject
Project("{2150E333-8FDC-42A3-9474-1A3956D46DE8}") = "Oficina.BuildingBlocks", "Oficina.BuildingBlocks", "{34DE0DD7-4D68-49E5-8BB4-9D4544E700C1}"
EndProject
Project("{2150E333-8FDC-42A3-9474-1A3956D46DE8}") = "Oficina.SharedKernel", "Oficina.SharedKernel", "{1A9D5486-5B49-4CA5-9CD2-8180B63A4FD5}"
EndProject
Project("{FAE04EC0-301F-11D3-BF4B-00C04F79EFBC}") = "Oficina.ApiGateway", "Oficina.ApiGateway\Oficina.ApiGateway.csproj", "{EB1B4FDD-18A4-C3C9-CF3C-F78AED18EA30}"
EndProject
Project("{FAE04EC0-301F-11D3-BF4B-00C04F79EFBC}") = "Oficina.Messaging", "Oficina.Messaging\Oficina.Messaging.csproj", "{D086A9A8-BB50-8D53-2906-7C08A677F5A2}"
EndProject
Project("{FAE04EC0-301F-11D3-BF4B-00C04F79EFBC}") = "Oficina.Observability", "Oficina.Observability\Oficina.Observability.csproj", "{63EF4709-3F5B-4A89-A189-C321E636748F}"
EndProject
Project("{FAE04EC0-301F-11D3-BF4B-00C04F79EFBC}") = "Oficina.Cadastro.Application", "Oficina.Cadastro.Application\Oficina.Cadastro.Application.csproj", "{22D741B2-1669-C347-69BC-0E77D5FCB3CA}"
EndProject
Project("{FAE04EC0-301F-11D3-BF4B-00C04F79EFBC}") = "Oficina.Cadastro.Domain", "Oficina.Cadastro.Domain\Oficina.Cadastro.Domain.csproj", "{59F52C90-F819-C85B-4BC8-79AFC2650D20}"
EndProject
Project("{FAE04EC0-301F-11D3-BF4B-00C04F79EFBC}") = "Oficina.Cadastro.Endpoints", "Oficina.Cadastro.Endpoints\Oficina.Cadastro.Endpoints.csproj", "{C0536627-424D-B9CA-FBFD-5386080CA5CE}"
EndProject
Project("{FAE04EC0-301F-11D3-BF4B-00C04F79EFBC}") = "Oficina.Cadastro.Infrastructure", "Oficina.Cadastro.Infrastructure\Oficina.Cadastro.Infrastructure.csproj", "{C70FC76D-0099-C90A-0593-A6EE6CA2E93F}"
EndProject
Project("{FAE04EC0-301F-11D3-BF4B-00C04F79EFBC}") = "Oficina.SharedKernel", "Oficina.SharedKernel\Oficina.SharedKernel.csproj", "{118BF9DB-E768-C6DC-1366-17C79A5668CB}"
EndProject
Project("{2150E333-8FDC-42A3-9474-1A3956D46DE8}") = "Itens de Solução", "Itens de Solução", "{380A7511-A354-6D7A-0CC0-8FA1F1BA7B6C}"
	ProjectSection(SolutionItems) = preProject
		.dockerignore = .dockerignore
		.gitattributes = .gitattributes
		.gitignore = .gitignore
		Dockerfile = Dockerfile
	EndProjectSection
EndProject
Global
	GlobalSection(SolutionConfigurationPlatforms) = preSolution
		Debug|Any CPU = Debug|Any CPU
		Release|Any CPU = Release|Any CPU
	EndGlobalSection
	GlobalSection(ProjectConfigurationPlatforms) = postSolution
		{EB1B4FDD-18A4-C3C9-CF3C-F78AED18EA30}.Debug|Any CPU.ActiveCfg = Debug|Any CPU
		{EB1B4FDD-18A4-C3C9-CF3C-F78AED18EA30}.Debug|Any CPU.Build.0 = Debug|Any CPU
		{EB1B4FDD-18A4-C3C9-CF3C-F78AED18EA30}.Release|Any CPU.ActiveCfg = Release|Any CPU
		{EB1B4FDD-18A4-C3C9-CF3C-F78AED18EA30}.Release|Any CPU.Build.0 = Release|Any CPU
		{D086A9A8-BB50-8D53-2906-7C08A677F5A2}.Debug|Any CPU.ActiveCfg = Debug|Any CPU
		{D086A9A8-BB50-8D53-2906-7C08A677F5A2}.Debug|Any CPU.Build.0 = Debug|Any CPU
		{D086A9A8-BB50-8D53-2906-7C08A677F5A2}.Release|Any CPU.ActiveCfg = Release|Any CPU
		{D086A9A8-BB50-8D53-2906-7C08A677F5A2}.Release|Any CPU.Build.0 = Release|Any CPU
		{63EF4709-3F5B-4A89-A189-C321E636748F}.Debug|Any CPU.ActiveCfg = Debug|Any CPU
		{63EF4709-3F5B-4A89-A189-C321E636748F}.Debug|Any CPU.Build.0 = Debug|Any CPU
		{63EF4709-3F5B-4A89-A189-C321E636748F}.Release|Any CPU.ActiveCfg = Release|Any CPU
		{63EF4709-3F5B-4A89-A189-C321E636748F}.Release|Any CPU.Build.0 = Release|Any CPU
		{22D741B2-1669-C347-69BC-0E77D5FCB3CA}.Debug|Any CPU.ActiveCfg = Debug|Any CPU
		{22D741B2-1669-C347-69BC-0E77D5FCB3CA}.Debug|Any CPU.Build.0 = Debug|Any CPU
		{22D741B2-1669-C347-69BC-0E77D5FCB3CA}.Release|Any CPU.ActiveCfg = Release|Any CPU
		{22D741B2-1669-C347-69BC-0E77D5FCB3CA}.Release|Any CPU.Build.0 = Release|Any CPU
		{59F52C90-F819-C85B-4BC8-79AFC2650D20}.Debug|Any CPU.ActiveCfg = Debug|Any CPU
		{59F52C90-F819-C85B-4BC8-79AFC2650D20}.Debug|Any CPU.Build.0 = Debug|Any CPU
		{59F52C90-F819-C85B-4BC8-79AFC2650D20}.Release|Any CPU.ActiveCfg = Release|Any CPU
		{59F52C90-F819-C85B-4BC8-79AFC2650D20}.Release|Any CPU.Build.0 = Release|Any CPU
		{C0536627-424D-B9CA-FBFD-5386080CA5CE}.Debug|Any CPU.ActiveCfg = Debug|Any CPU
		{C0536627-424D-B9CA-FBFD-5386080CA5CE}.Debug|Any CPU.Build.0 = Debug|Any CPU
		{C0536627-424D-B9CA-FBFD-5386080CA5CE}.Release|Any CPU.ActiveCfg = Release|Any CPU
		{C0536627-424D-B9CA-FBFD-5386080CA5CE}.Release|Any CPU.Build.0 = Release|Any CPU
		{C70FC76D-0099-C90A-0593-A6EE6CA2E93F}.Debug|Any CPU.ActiveCfg = Debug|Any CPU
		{C70FC76D-0099-C90A-0593-A6EE6CA2E93F}.Debug|Any CPU.Build.0 = Debug|Any CPU
		{C70FC76D-0099-C90A-0593-A6EE6CA2E93F}.Release|Any CPU.ActiveCfg = Release|Any CPU
		{C70FC76D-0099-C90A-0593-A6EE6CA2E93F}.Release|Any CPU.Build.0 = Release|Any CPU
		{118BF9DB-E768-C6DC-1366-17C79A5668CB}.Debug|Any CPU.ActiveCfg = Debug|Any CPU
		{118BF9DB-E768-C6DC-1366-17C79A5668CB}.Debug|Any CPU.Build.0 = Debug|Any CPU
		{118BF9DB-E768-C6DC-1366-17C79A5668CB}.Release|Any CPU.ActiveCfg = Release|Any CPU
		{118BF9DB-E768-C6DC-1366-17C79A5668CB}.Release|Any CPU.Build.0 = Release|Any CPU
	EndGlobalSection
	GlobalSection(SolutionProperties) = preSolution
		HideSolutionNode = FALSE
	EndGlobalSection
	GlobalSection(NestedProjects) = preSolution
		{EB1B4FDD-18A4-C3C9-CF3C-F78AED18EA30} = {02EA681E-C7D8-13C7-8484-4AC65E1B71E8}
		{D086A9A8-BB50-8D53-2906-7C08A677F5A2} = {34DE0DD7-4D68-49E5-8BB4-9D4544E700C1}
		{63EF4709-3F5B-4A89-A189-C321E636748F} = {34DE0DD7-4D68-49E5-8BB4-9D4544E700C1}
		{22D741B2-1669-C347-69BC-0E77D5FCB3CA} = {2C95EDF2-7F19-409F-B649-7173ABBC50E7}
		{59F52C90-F819-C85B-4BC8-79AFC2650D20} = {2C95EDF2-7F19-409F-B649-7173ABBC50E7}
		{C0536627-424D-B9CA-FBFD-5386080CA5CE} = {2C95EDF2-7F19-409F-B649-7173ABBC50E7}
		{C70FC76D-0099-C90A-0593-A6EE6CA2E93F} = {2C95EDF2-7F19-409F-B649-7173ABBC50E7}
		{118BF9DB-E768-C6DC-1366-17C79A5668CB} = {1A9D5486-5B49-4CA5-9CD2-8180B63A4FD5}
	EndGlobalSection
	GlobalSection(ExtensibilityGlobals) = postSolution
		SolutionGuid = {2AD50484-E0DE-483A-AB4C-EBF38414C025}
	EndGlobalSection
EndGlobal
